Microsoft Visual Studio Solution File, Format Version 12.00
# Visual Studio Version 17
VisualStudioVersion = 17.5.2.0
MinimumVisualStudioVersion = 10.0.40219.1
Project("{FAE04EC0-301F-11D3-BF4B-00C04F79EFBC}") = "assignment01-animation-and-inputs", "assignment01-animation-and-inputs\assignment01-animation-and-inputs.csproj", "{5B0D6680-B0FF-5F27-D9DB-1011DA91B8A4}"
EndProject
Global
	GlobalSection(SolutionConfigurationPlatforms) = preSolution
		Debug|Any CPU = Debug|Any CPU
		Release|Any CPU = Release|Any CPU
	EndGlobalSection
	GlobalSection(ProjectConfigurationPlatforms) = postSolution
		{5B0D6680-B0FF-5F27-D9DB-1011DA91B8A4}.Debug|Any CPU.ActiveCfg = Debug|Any CPU
		{5B0D6680-B0FF-5F27-D9DB-1011DA91B8A4}.Debug|Any CPU.Build.0 = Debug|Any CPU
		{5B0D6680-B0FF-5F27-D9DB-1011DA91B8A4}.Release|Any CPU.ActiveCfg = Release|Any CPU
		{5B0D6680-B0FF-5F27-D9DB-1011DA91B8A4}.Release|Any CPU.Build.0 = Release|Any CPU
	EndGlobalSection
	GlobalSection(SolutionProperties) = preSolution
		HideSolutionNode = FALSE
	EndGlobalSection
	GlobalSection(ExtensibilityGlobals) = postSolution
		SolutionGuid = {03FAD23B-6C24-459B-9E79-1EA01FD2ED2B}
	EndGlobalSection
EndGlobal
